<?xml version="1.0" encoding="UTF-8" standalone="yes" ?>
<CodeBlocks_project_file>
   <FileVersion major="1" minor="6" />
   <Project>
      <Option title="PATH_FINDER" />
      <Option makefile_is_custom="1" />
      <Option compiler="gcc" />
      <Option virtualFolders="CMake Files\;" />
      <Build>
      <Target title="all">
         <Option working_dir="/home/andkgl/wspace/PathFinder/buildd" />
         <Option type="4" />
         <MakeCommands>
            <Build command="/usr/bin/make -f &quot;/home/andkgl/wspace/PathFinder/buildd/Makefile&quot;  VERBOSE=1 all" />
            <CompileFile command="/usr/bin/make -f &quot;/home/andkgl/wspace/PathFinder/buildd/Makefile&quot;  VERBOSE=1 &quot;$file&quot;" />
            <Clean command="/usr/bin/make -f &quot;/home/andkgl/wspace/PathFinder/buildd/Makefile&quot;  VERBOSE=1 clean" />
            <DistClean command="/usr/bin/make -f &quot;/home/andkgl/wspace/PathFinder/buildd/Makefile&quot;  VERBOSE=1 clean" />
         </MakeCommands>
      </Target>
      <Target title="edit_cache">
         <Option working_dir="/home/andkgl/wspace/PathFinder/buildd" />
         <Option type="4" />
         <MakeCommands>
            <Build command="/usr/bin/make -f &quot;/home/andkgl/wspace/PathFinder/buildd/Makefile&quot;  VERBOSE=1 edit_cache" />
            <CompileFile command="/usr/bin/make -f &quot;/home/andkgl/wspace/PathFinder/buildd/Makefile&quot;  VERBOSE=1 &quot;$file&quot;" />
            <Clean command="/usr/bin/make -f &quot;/home/andkgl/wspace/PathFinder/buildd/Makefile&quot;  VERBOSE=1 clean" />
            <DistClean command="/usr/bin/make -f &quot;/home/andkgl/wspace/PathFinder/buildd/Makefile&quot;  VERBOSE=1 clean" />
         </MakeCommands>
      </Target>
      <Target title="rebuild_cache">
         <Option working_dir="/home/andkgl/wspace/PathFinder/buildd" />
         <Option type="4" />
         <MakeCommands>
            <Build command="/usr/bin/make -f &quot;/home/andkgl/wspace/PathFinder/buildd/Makefile&quot;  VERBOSE=1 rebuild_cache" />
            <CompileFile command="/usr/bin/make -f &quot;/home/andkgl/wspace/PathFinder/buildd/Makefile&quot;  VERBOSE=1 &quot;$file&quot;" />
            <Clean command="/usr/bin/make -f &quot;/home/andkgl/wspace/PathFinder/buildd/Makefile&quot;  VERBOSE=1 clean" />
            <DistClean command="/usr/bin/make -f &quot;/home/andkgl/wspace/PathFinder/buildd/Makefile&quot;  VERBOSE=1 clean" />
         </MakeCommands>
      </Target>
      <Target title="PATH_FINDER">
         <Option output="/home/andkgl/wspace/PathFinder/buildd/PATH_FINDER" prefix_auto="0" extension_auto="0" />
         <Option working_dir="/home/andkgl/wspace/PathFinder/buildd" />
         <Option object_output="./" />
         <Option type="1" />
         <Option compiler="gcc" />
         <Compiler>
            <Add directory="/home/andkgl/wspace/PathFinder" />
            <Add directory="/home/andkgl/wspace/PathFinder/buildd" />
            <Add directory="/usr/include" />
            <Add directory="/usr/include/c++/5" />
            <Add directory="/usr/include/c++/5/backward" />
            <Add directory="/usr/include/x86_64-linux-gnu" />
            <Add directory="/usr/include/x86_64-linux-gnu/c++/5" />
            <Add directory="/usr/lib/gcc/x86_64-linux-gnu/5/include" />
            <Add directory="/usr/lib/gcc/x86_64-linux-gnu/5/include-fixed" />
            <Add directory="/usr/local/include" />
         </Compiler>
         <MakeCommands>
            <Build command="/usr/bin/make -f &quot;/home/andkgl/wspace/PathFinder/buildd/Makefile&quot;  VERBOSE=1 PATH_FINDER" />
            <CompileFile command="/usr/bin/make -f &quot;/home/andkgl/wspace/PathFinder/buildd/Makefile&quot;  VERBOSE=1 &quot;$file&quot;" />
            <Clean command="/usr/bin/make -f &quot;/home/andkgl/wspace/PathFinder/buildd/Makefile&quot;  VERBOSE=1 clean" />
            <DistClean command="/usr/bin/make -f &quot;/home/andkgl/wspace/PathFinder/buildd/Makefile&quot;  VERBOSE=1 clean" />
         </MakeCommands>
      </Target>
      <Target title="PATH_FINDER/fast">
         <Option output="/home/andkgl/wspace/PathFinder/buildd/PATH_FINDER" prefix_auto="0" extension_auto="0" />
         <Option working_dir="/home/andkgl/wspace/PathFinder/buildd" />
         <Option object_output="./" />
         <Option type="1" />
         <Option compiler="gcc" />
         <Compiler>
            <Add directory="/home/andkgl/wspace/PathFinder" />
            <Add directory="/home/andkgl/wspace/PathFinder/buildd" />
            <Add directory="/usr/include" />
            <Add directory="/usr/include/c++/5" />
            <Add directory="/usr/include/c++/5/backward" />
            <Add directory="/usr/include/x86_64-linux-gnu" />
            <Add directory="/usr/include/x86_64-linux-gnu/c++/5" />
            <Add directory="/usr/lib/gcc/x86_64-linux-gnu/5/include" />
            <Add directory="/usr/lib/gcc/x86_64-linux-gnu/5/include-fixed" />
            <Add directory="/usr/local/include" />
         </Compiler>
         <MakeCommands>
            <Build command="/usr/bin/make -f &quot;/home/andkgl/wspace/PathFinder/buildd/Makefile&quot;  VERBOSE=1 PATH_FINDER/fast" />
            <CompileFile command="/usr/bin/make -f &quot;/home/andkgl/wspace/PathFinder/buildd/Makefile&quot;  VERBOSE=1 &quot;$file&quot;" />
            <Clean command="/usr/bin/make -f &quot;/home/andkgl/wspace/PathFinder/buildd/Makefile&quot;  VERBOSE=1 clean" />
            <DistClean command="/usr/bin/make -f &quot;/home/andkgl/wspace/PathFinder/buildd/Makefile&quot;  VERBOSE=1 clean" />
         </MakeCommands>
      </Target>
      </Build>
      <Unit filename="/home/andkgl/wspace/PathFinder/headers/node.h">
         <Option target="PATH_FINDER"/>
      </Unit>
      <Unit filename="/home/andkgl/wspace/PathFinder/headers/pathfinder.h">
         <Option target="PATH_FINDER"/>
      </Unit>
      <Unit filename="/home/andkgl/wspace/PathFinder/sources/main.cpp">
         <Option target="PATH_FINDER"/>
      </Unit>
      <Unit filename="/home/andkgl/wspace/PathFinder/sources/node.cpp">
         <Option target="PATH_FINDER"/>
      </Unit>
      <Unit filename="/home/andkgl/wspace/PathFinder/sources/pathfinder.cpp">
         <Option target="PATH_FINDER"/>
      </Unit>
      <Unit filename="/home/andkgl/wspace/PathFinder/CMakeLists.txt">
          <Option virtualFolder="CMake Files\" />
      </Unit>
   </Project>
</CodeBlocks_project_file>
